<?xml version="1.0" encoding="utf-8"?>
<Project ToolsVersion="4.0" xmlns="http://schemas.microsoft.com/developer/msbuild/2003">
  <ItemGroup>
    <Filter Include="源文件">
      <UniqueIdentifier>{4FC737F1-C7A5-4376-A066-2A32D752A2FF}</UniqueIdentifier>
      <Extensions>cpp;c;cc;cxx;def;odl;idl;hpj;bat;asm;asmx</Extensions>
    </Filter>
    <Filter Include="头文件">
      <UniqueIdentifier>{93995380-89BD-4b04-88EB-625FBE52EBFB}</UniqueIdentifier>
      <Extensions>h;hpp;hxx;hm;inl;inc;xsd</Extensions>
    </Filter>
    <Filter Include="资源文件">
      <UniqueIdentifier>{67DA6AB6-F800-4c08-8B7A-83BB121AAD01}</UniqueIdentifier>
      <Extensions>rc;ico;cur;bmp;dlg;rc2;rct;bin;rgs;gif;jpg;jpeg;jpe;resx;tiff;tif;png;wav;mfcribbon-ms</Extensions>
    </Filter>
    <Filter Include="grid">
      <UniqueIdentifier>{0b005fa4-243e-4711-88d8-484b5fe79874}</UniqueIdentifier>
    </Filter>
    <Filter Include="public">
      <UniqueIdentifier>{87cc2c37-3a84-491b-b568-73566ecae19d}</UniqueIdentifier>
    </Filter>
    <Filter Include="public\Wnd">
      <UniqueIdentifier>{5695f070-1c7c-4ce7-8b29-856592519705}</UniqueIdentifier>
    </Filter>
    <Filter Include="协议导入">
      <UniqueIdentifier>{956e1319-b65a-4266-89d3-3cb29b4a13c4}</UniqueIdentifier>
    </Filter>
  </ItemGroup>
  <ItemGroup>
    <None Include="ReadMe.txt" />
    <None Include="res\HK_ICD_Loader.rc2">
      <Filter>资源文件</Filter>
    </None>
    <None Include="res\HK_ICD_Loader.ico">
      <Filter>资源文件</Filter>
    </None>
    <None Include="res\toolbar1.bmp">
      <Filter>资源文件</Filter>
    </None>
    <None Include="res\tba__256.bmp">
      <Filter>资源文件</Filter>
    </None>
    <None Include="res\Icdtool.ico">
      <Filter>资源文件</Filter>
    </None>
    <None Include="res\MTS.ico">
      <Filter>资源文件</Filter>
    </None>
    <None Include="res\COMPUTER.ICO">
      <Filter>资源文件</Filter>
    </None>
    <None Include="res\MYSL.ICO">
      <Filter>资源文件</Filter>
    </None>
    <None Include="res\Save.ico">
      <Filter>资源文件</Filter>
    </None>
    <None Include="res\Provider.ico">
      <Filter>资源文件</Filter>
    </None>
    <None Include="res\801.bmp">
      <Filter>资源文件</Filter>
    </None>
    <None Include="res\bk.bmp">
      <Filter>资源文件</Filter>
    </None>
    <None Include="res\gf.bmp">
      <Filter>资源文件</Filter>
    </None>
    <None Include="tttt.xml" />
  </ItemGroup>
  <ItemGroup>
    <ClInclude Include="ReadExecelConfig.h">
      <Filter>头文件</Filter>
    </ClInclude>
    <ClInclude Include="ReadExecelConfigDlg.h">
      <Filter>头文件</Filter>
    </ClInclude>
    <ClInclude Include="stdafx.h">
      <Filter>头文件</Filter>
    </ClInclude>
    <ClInclude Include="targetver.h">
      <Filter>头文件</Filter>
    </ClInclude>
    <ClInclude Include="Resource.h">
      <Filter>头文件</Filter>
    </ClInclude>
    <ClInclude Include="XReadConfig.h">
      <Filter>头文件</Filter>
    </ClInclude>
    <ClInclude Include="excel9.h">
      <Filter>头文件</Filter>
    </ClInclude>
    <ClInclude Include="..\public\CppSQLite3.h">
      <Filter>头文件</Filter>
    </ClInclude>
    <ClInclude Include="..\public\ManageDb.h">
      <Filter>头文件</Filter>
    </ClInclude>
    <ClInclude Include="..\..\commonLib\function.h">
      <Filter>头文件</Filter>
    </ClInclude>
    <ClInclude Include="..\public\Markup.h">
      <Filter>头文件</Filter>
    </ClInclude>
    <ClInclude Include="Execel_429.h">
      <Filter>头文件</Filter>
    </ClInclude>
    <ClInclude Include="Dlg429.h">
      <Filter>头文件</Filter>
    </ClInclude>
    <ClInclude Include="Dlg1553.h">
      <Filter>头文件</Filter>
    </ClInclude>
    <ClInclude Include="Execel_1553.h">
      <Filter>头文件</Filter>
    </ClInclude>
    <ClInclude Include="Execel_Base.h">
      <Filter>头文件</Filter>
    </ClInclude>
    <ClInclude Include="DlgStart.h">
      <Filter>头文件</Filter>
    </ClInclude>
    <ClInclude Include="DlgMain.h">
      <Filter>头文件</Filter>
    </ClInclude>
    <ClInclude Include="XProtocol_Funtion.h">
      <Filter>头文件</Filter>
    </ClInclude>
    <ClInclude Include="DlgSerial.h">
      <Filter>头文件</Filter>
    </ClInclude>
    <ClInclude Include="Execel_Serial.h">
      <Filter>头文件</Filter>
    </ClInclude>
    <ClInclude Include="..\public\define_comm_protocol.h">
      <Filter>public</Filter>
    </ClInclude>
    <ClInclude Include="DlgDiscrete.h">
      <Filter>头文件</Filter>
    </ClInclude>
    <ClInclude Include="DlgCANProtocol.h">
      <Filter>头文件</Filter>
    </ClInclude>
    <ClInclude Include="DlgCommProMain.h">
      <Filter>头文件</Filter>
    </ClInclude>
    <ClInclude Include="..\public\Wnd\BaseDialog.h">
      <Filter>public\Wnd</Filter>
    </ClInclude>
    <ClInclude Include="ProtocolDefine.h">
      <Filter>头文件</Filter>
    </ClInclude>
    <ClInclude Include="..\public\Wnd\ColorButton.h">
      <Filter>public\Wnd</Filter>
    </ClInclude>
    <ClInclude Include="..\public\Wnd\OwnerDrawTabCtrl.h">
      <Filter>public\Wnd</Filter>
    </ClInclude>
    <ClInclude Include="DlgLoadIcdFile.h">
      <Filter>头文件</Filter>
    </ClInclude>
    <ClInclude Include="Pro1553B.h">
      <Filter>协议导入</Filter>
    </ClInclude>
    <ClInclude Include="CTreeCtrlX.h">
      <Filter>头文件</Filter>
    </ClInclude>
    <ClInclude Include="DlgProgress.h">
      <Filter>头文件</Filter>
    </ClInclude>
    <ClInclude Include="DlgDBProtocolICD.h">
      <Filter>头文件</Filter>
    </ClInclude>
    <ClInclude Include="MyToolBar.h">
      <Filter>头文件</Filter>
    </ClInclude>
    <ClInclude Include="ProDataType.h">
      <Filter>协议导入</Filter>
    </ClInclude>
    <ClInclude Include="ProDiscrete.h">
      <Filter>协议导入</Filter>
    </ClInclude>
    <ClInclude Include="ProCAN.h">
      <Filter>协议导入</Filter>
    </ClInclude>
    <ClInclude Include="ProArinc429.h">
      <Filter>协议导入</Filter>
    </ClInclude>
    <ClInclude Include="ProSerial.h">
      <Filter>协议导入</Filter>
    </ClInclude>
    <ClInclude Include="ProCommCtrl.h">
      <Filter>协议导入</Filter>
    </ClInclude>
    <ClInclude Include="..\commonLib\GridCtrl\CellRange.h">
      <Filter>grid</Filter>
    </ClInclude>
    <ClInclude Include="..\commonLib\GridCtrl\GridCell.h">
      <Filter>grid</Filter>
    </ClInclude>
    <ClInclude Include="..\commonLib\GridCtrl\GridCellBase.h">
      <Filter>grid</Filter>
    </ClInclude>
    <ClInclude Include="..\commonLib\GridCtrl\GridCellButton.h">
      <Filter>grid</Filter>
    </ClInclude>
    <ClInclude Include="..\commonLib\GridCtrl\NewCellTypes\GridCellCheck.h">
      <Filter>grid</Filter>
    </ClInclude>
    <ClInclude Include="..\commonLib\GridCtrl\NewCellTypes\GridCellCombo.h">
      <Filter>grid</Filter>
    </ClInclude>
    <ClInclude Include="..\commonLib\GridCtrl\gridcellLed.h">
      <Filter>grid</Filter>
    </ClInclude>
    <ClInclude Include="..\commonLib\GridCtrl\GridCtrl.h">
      <Filter>grid</Filter>
    </ClInclude>
    <ClInclude Include="..\commonLib\GridCtrl\GridDropTarget.h">
      <Filter>grid</Filter>
    </ClInclude>
    <ClInclude Include="..\commonLib\GridCtrl\InPlaceEdit.h">
      <Filter>grid</Filter>
    </ClInclude>
    <ClInclude Include="..\commonLib\GridCtrl\MemDC_Grid.h">
      <Filter>grid</Filter>
    </ClInclude>
    <ClInclude Include="..\commonLib\GridCtrl\TitleTip.h">
      <Filter>grid</Filter>
    </ClInclude>
  </ItemGroup>
  <ItemGroup>
    <ClCompile Include="ReadExecelConfig.cpp">
      <Filter>源文件</Filter>
    </ClCompile>
    <ClCompile Include="ReadExecelConfigDlg.cpp">
      <Filter>源文件</Filter>
    </ClCompile>
    <ClCompile Include="stdafx.cpp">
      <Filter>源文件</Filter>
    </ClCompile>
    <ClCompile Include="XReadConfig.cpp">
      <Filter>源文件</Filter>
    </ClCompile>
    <ClCompile Include="excel9.cpp">
      <Filter>源文件</Filter>
    </ClCompile>
    <ClCompile Include="..\public\CppSQLite3.cpp">
      <Filter>源文件</Filter>
    </ClCompile>
    <ClCompile Include="..\public\ManageDb.cpp">
      <Filter>源文件</Filter>
    </ClCompile>
    <ClCompile Include="Execel_429.cpp">
      <Filter>源文件</Filter>
    </ClCompile>
    <ClCompile Include="Dlg429.cpp">
      <Filter>源文件</Filter>
    </ClCompile>
    <ClCompile Include="..\public\Markup.cpp">
      <Filter>源文件</Filter>
    </ClCompile>
    <ClCompile Include="Dlg1553.cpp">
      <Filter>源文件</Filter>
    </ClCompile>
    <ClCompile Include="Execel_1553.cpp">
      <Filter>源文件</Filter>
    </ClCompile>
    <ClCompile Include="Execel_Base.cpp">
      <Filter>源文件</Filter>
    </ClCompile>
    <ClCompile Include="DlgStart.cpp">
      <Filter>源文件</Filter>
    </ClCompile>
    <ClCompile Include="DlgMain.cpp">
      <Filter>源文件</Filter>
    </ClCompile>
    <ClCompile Include="XProtocol_Funtion.cpp">
      <Filter>源文件</Filter>
    </ClCompile>
    <ClCompile Include="DlgSerial.cpp">
      <Filter>源文件</Filter>
    </ClCompile>
    <ClCompile Include="Execel_Serial.cpp">
      <Filter>源文件</Filter>
    </ClCompile>
    <ClCompile Include="DlgDiscrete.cpp">
      <Filter>源文件</Filter>
    </ClCompile>
    <ClCompile Include="DlgCANProtocol.cpp">
      <Filter>源文件</Filter>
    </ClCompile>
    <ClCompile Include="DlgCommProMain.cpp">
      <Filter>源文件</Filter>
    </ClCompile>
    <ClCompile Include="..\public\Wnd\BaseDialog.cpp">
      <Filter>public\Wnd</Filter>
    </ClCompile>
    <ClCompile Include="..\public\Wnd\ColorButton.cpp">
      <Filter>public\Wnd</Filter>
    </ClCompile>
    <ClCompile Include="..\public\Wnd\OwnerDrawTabCtrl.cpp">
      <Filter>public\Wnd</Filter>
    </ClCompile>
    <ClCompile Include="DlgLoadIcdFile.cpp">
      <Filter>源文件</Filter>
    </ClCompile>
    <ClCompile Include="Pro1553B.cpp">
      <Filter>协议导入</Filter>
    </ClCompile>
    <ClCompile Include="CTreeCtrlX.cpp">
      <Filter>源文件</Filter>
    </ClCompile>
    <ClCompile Include="DlgProgress.cpp">
      <Filter>源文件</Filter>
    </ClCompile>
    <ClCompile Include="DlgDBProtocolICD.cpp">
      <Filter>源文件</Filter>
    </ClCompile>
    <ClCompile Include="MyToolBar.cpp">
      <Filter>源文件</Filter>
    </ClCompile>
    <ClCompile Include="ProDiscrete.cpp">
      <Filter>协议导入</Filter>
    </ClCompile>
    <ClCompile Include="ProCAN.cpp">
      <Filter>协议导入</Filter>
    </ClCompile>
    <ClCompile Include="ProArinc429.cpp">
      <Filter>协议导入</Filter>
    </ClCompile>
    <ClCompile Include="ProSerial.cpp">
      <Filter>协议导入</Filter>
    </ClCompile>
    <ClCompile Include="ProCommCtrl.cpp">
      <Filter>协议导入</Filter>
    </ClCompile>
    <ClCompile Include="..\commonLib\GridCtrl\GridCell.cpp">
      <Filter>grid</Filter>
    </ClCompile>
    <ClCompile Include="..\commonLib\GridCtrl\GridCellBase.cpp">
      <Filter>grid</Filter>
    </ClCompile>
    <ClCompile Include="..\commonLib\GridCtrl\GridCellButton.cpp">
      <Filter>grid</Filter>
    </ClCompile>
    <ClCompile Include="..\commonLib\GridCtrl\NewCellTypes\GridCellCheck.cpp">
      <Filter>grid</Filter>
    </ClCompile>
    <ClCompile Include="..\commonLib\GridCtrl\NewCellTypes\GridCellCombo.cpp">
      <Filter>grid</Filter>
    </ClCompile>
    <ClCompile Include="..\commonLib\GridCtrl\gridcellLed.cpp">
      <Filter>grid</Filter>
    </ClCompile>
    <ClCompile Include="..\commonLib\GridCtrl\GridCtrl.cpp">
      <Filter>grid</Filter>
    </ClCompile>
    <ClCompile Include="..\commonLib\GridCtrl\GridDropTarget.cpp">
      <Filter>grid</Filter>
    </ClCompile>
    <ClCompile Include="..\commonLib\GridCtrl\InPlaceEdit.cpp">
      <Filter>grid</Filter>
    </ClCompile>
    <ClCompile Include="..\commonLib\GridCtrl\TitleTip.cpp">
      <Filter>grid</Filter>
    </ClCompile>
    <ClCompile Include="..\commonLib\function.cpp">
      <Filter>源文件</Filter>
    </ClCompile>
  </ItemGroup>
  <ItemGroup>
    <ResourceCompile Include="HK_ICD_Loader.rc">
      <Filter>资源文件</Filter>
    </ResourceCompile>
  </ItemGroup>
</Project>